
Microsoft Visual Studio Solution File, Format Version 12.00
# Visual Studio 15
VisualStudioVersion = 15.0.28307.902
MinimumVisualStudioVersion = 10.0.40219.1
Project("{FAE04EC0-301F-11D3-BF4B-00C04F79EFBC}") = "Wcf_Chat", "Wcf_Chat\Wcf_Chat.csproj", "{C5B4A831-BAF1-4918-8241-5D4A147C8CDF}"
EndProject
Project("{FAE04EC0-301F-11D3-BF4B-00C04F79EFBC}") = "Chat_Host", "Chat_Host\Chat_Host.csproj", "{A7A2A842-D4FE-4A85-8AA6-71CCE2CB08FB}"
EndProject
Project("{FAE04EC0-301F-11D3-BF4B-00C04F79EFBC}") = "ChatClient", "ChatClient\ChatClient.csproj", "{277C9B10-40FD-4F85-BF7C-5BB2D056C90A}"
EndProject
Global
	GlobalSection(SolutionConfigurationPlatforms) = preSolution
		Debug|Any CPU = Debug|Any CPU
		Release|Any CPU = Release|Any CPU
	EndGlobalSection
	GlobalSection(ProjectConfigurationPlatforms) = postSolution
		{C5B4A831-BAF1-4918-8241-5D4A147C8CDF}.Debug|Any CPU.ActiveCfg = Debug|Any CPU
		{C5B4A831-BAF1-4918-8241-5D4A147C8CDF}.Debug|Any CPU.Build.0 = Debug|Any CPU
		{C5B4A831-BAF1-4918-8241-5D4A147C8CDF}.Release|Any CPU.ActiveCfg = Release|Any CPU
		{C5B4A831-BAF1-4918-8241-5D4A147C8CDF}.Release|Any CPU.Build.0 = Release|Any CPU
		{A7A2A842-D4FE-4A85-8AA6-71CCE2CB08FB}.Debug|Any CPU.ActiveCfg = Debug|Any CPU
		{A7A2A842-D4FE-4A85-8AA6-71CCE2CB08FB}.Debug|Any CPU.Build.0 = Debug|Any CPU
		{A7A2A842-D4FE-4A85-8AA6-71CCE2CB08FB}.Release|Any CPU.ActiveCfg = Release|Any CPU
		{A7A2A842-D4FE-4A85-8AA6-71CCE2CB08FB}.Release|Any CPU.Build.0 = Release|Any CPU
		{277C9B10-40FD-4F85-BF7C-5BB2D056C90A}.Debug|Any CPU.ActiveCfg = Debug|Any CPU
		{277C9B10-40FD-4F85-BF7C-5BB2D056C90A}.Debug|Any CPU.Build.0 = Debug|Any CPU
		{277C9B10-40FD-4F85-BF7C-5BB2D056C90A}.Release|Any CPU.ActiveCfg = Release|Any CPU
		{277C9B10-40FD-4F85-BF7C-5BB2D056C90A}.Release|Any CPU.Build.0 = Release|Any CPU
	EndGlobalSection
	GlobalSection(SolutionProperties) = preSolution
		HideSolutionNode = FALSE
	EndGlobalSection
	GlobalSection(ExtensibilityGlobals) = postSolution
		SolutionGuid = {7D9E7E1F-7D4B-4C29-8930-7956802CD48E}
	EndGlobalSection
EndGlobal
